// !$*UTF8*$!
{
	archiveVersion = 1;
	classes = {
	};
	objectVersion = 55;
	objects = {

/* Begin PBXBuildFile section */
		2C151A0BD9E8B06C1AFF50F4 /* Pods_bank.framework in Frameworks */ = {isa = PBXBuildFile; fileRef = 14ED513B8B2E577CAB08B966 /* Pods_bank.framework */; };
		FB73AFB427E3CB7E0013B7E2 /* AppDelegate.swift in Sources */ = {isa = PBXBuildFile; fileRef = FB73AFB327E3CB7E0013B7E2 /* AppDelegate.swift */; };
		FB73AFB627E3CB7E0013B7E2 /* SceneDelegate.swift in Sources */ = {isa = PBXBuildFile; fileRef = FB73AFB527E3CB7E0013B7E2 /* SceneDelegate.swift */; };
		FB73AFB827E3CB7E0013B7E2 /* AuthenticationController.swift in Sources */ = {isa = PBXBuildFile; fileRef = FB73AFB727E3CB7E0013B7E2 /* AuthenticationController.swift */; };
		FB73AFBB27E3CB7E0013B7E2 /* Main.storyboard in Resources */ = {isa = PBXBuildFile; fileRef = FB73AFB927E3CB7E0013B7E2 /* Main.storyboard */; };
		FB73AFBD27E3CB800013B7E2 /* Assets.xcassets in Resources */ = {isa = PBXBuildFile; fileRef = FB73AFBC27E3CB800013B7E2 /* Assets.xcassets */; };
		FB73AFC027E3CB800013B7E2 /* LaunchScreen.storyboard in Resources */ = {isa = PBXBuildFile; fileRef = FB73AFBE27E3CB800013B7E2 /* LaunchScreen.storyboard */; };
		FB73AFC827E3CD730013B7E2 /* CustomUIElementsAuth.swift in Sources */ = {isa = PBXBuildFile; fileRef = FB73AFC727E3CD730013B7E2 /* CustomUIElementsAuth.swift */; };
		FB73AFCA27E3CDBD0013B7E2 /* Strings.swift in Sources */ = {isa = PBXBuildFile; fileRef = FB73AFC927E3CDBD0013B7E2 /* Strings.swift */; };
		FB73AFCC27E3CDF30013B7E2 /* UIImageExtension.swift in Sources */ = {isa = PBXBuildFile; fileRef = FB73AFCB27E3CDF30013B7E2 /* UIImageExtension.swift */; };
		FB73AFCE27E3CE200013B7E2 /* StringExtension.swift in Sources */ = {isa = PBXBuildFile; fileRef = FB73AFCD27E3CE200013B7E2 /* StringExtension.swift */; };
		FB73AFD027E3CE510013B7E2 /* UIColorsExtension.swift in Sources */ = {isa = PBXBuildFile; fileRef = FB73AFCF27E3CE510013B7E2 /* UIColorsExtension.swift */; };
		FB73AFD227E3CED10013B7E2 /* CustomNavigationController.swift in Sources */ = {isa = PBXBuildFile; fileRef = FB73AFD127E3CED10013B7E2 /* CustomNavigationController.swift */; };
		FB73AFD427E3CF0F0013B7E2 /* Logger.swift in Sources */ = {isa = PBXBuildFile; fileRef = FB73AFD327E3CF0F0013B7E2 /* Logger.swift */; };
		FB73AFD627E3CFA20013B7E2 /* Localizable.strings in Resources */ = {isa = PBXBuildFile; fileRef = FB73AFD527E3CFA20013B7E2 /* Localizable.strings */; };
		FB73AFD827E3D8920013B7E2 /* RegistrationController.swift in Sources */ = {isa = PBXBuildFile; fileRef = FB73AFD727E3D8920013B7E2 /* RegistrationController.swift */; };
		FB73AFDA27E3ED3C0013B7E2 /* AuthService.swift in Sources */ = {isa = PBXBuildFile; fileRef = FB73AFD927E3ED3C0013B7E2 /* AuthService.swift */; };
		FB73AFDC27E3ED7C0013B7E2 /* AuthResult.swift in Sources */ = {isa = PBXBuildFile; fileRef = FB73AFDB27E3ED7C0013B7E2 /* AuthResult.swift */; };
		FB73AFDE27E3EF840013B7E2 /* AuthError.swift in Sources */ = {isa = PBXBuildFile; fileRef = FB73AFDD27E3EF840013B7E2 /* AuthError.swift */; };
		FB73AFE027E3F4210013B7E2 /* TwoFAController.swift in Sources */ = {isa = PBXBuildFile; fileRef = FB73AFDF27E3F4210013B7E2 /* TwoFAController.swift */; };
		FBACAF6127ED8CAA0048A95E /* MainController.swift in Sources */ = {isa = PBXBuildFile; fileRef = FBACAF6027ED8CAA0048A95E /* MainController.swift */; };
/* End PBXBuildFile section */

/* Begin PBXFileReference section */
		0D2EE9F3CB331C474E79D96B /* Pods-bank.debug.xcconfig */ = {isa = PBXFileReference; includeInIndex = 1; lastKnownFileType = text.xcconfig; name = "Pods-bank.debug.xcconfig"; path = "Target Support Files/Pods-bank/Pods-bank.debug.xcconfig"; sourceTree = "<group>"; };
		14ED513B8B2E577CAB08B966 /* Pods_bank.framework */ = {isa = PBXFileReference; explicitFileType = wrapper.framework; includeInIndex = 0; path = Pods_bank.framework; sourceTree = BUILT_PRODUCTS_DIR; };
		751F9157BD2D47B17F3D29C3 /* Pods-bank.release.xcconfig */ = {isa = PBXFileReference; includeInIndex = 1; lastKnownFileType = text.xcconfig; name = "Pods-bank.release.xcconfig"; path = "Target Support Files/Pods-bank/Pods-bank.release.xcconfig"; sourceTree = "<group>"; };
		FB73AFB027E3CB7E0013B7E2 /* bank.app */ = {isa = PBXFileReference; explicitFileType = wrapper.application; includeInIndex = 0; path = bank.app; sourceTree = BUILT_PRODUCTS_DIR; };
		FB73AFB327E3CB7E0013B7E2 /* AppDelegate.swift */ = {isa = PBXFileReference; lastKnownFileType = sourcecode.swift; path = AppDelegate.swift; sourceTree = "<group>"; };
		FB73AFB527E3CB7E0013B7E2 /* SceneDelegate.swift */ = {isa = PBXFileReference; lastKnownFileType = sourcecode.swift; path = SceneDelegate.swift; sourceTree = "<group>"; };
		FB73AFB727E3CB7E0013B7E2 /* AuthenticationController.swift */ = {isa = PBXFileReference; lastKnownFileType = sourcecode.swift; path = AuthenticationController.swift; sourceTree = "<group>"; };
		FB73AFBA27E3CB7E0013B7E2 /* Base */ = {isa = PBXFileReference; lastKnownFileType = file.storyboard; name = Base; path = Base.lproj/Main.storyboard; sourceTree = "<group>"; };
		FB73AFBC27E3CB800013B7E2 /* Assets.xcassets */ = {isa = PBXFileReference; lastKnownFileType = folder.assetcatalog; path = Assets.xcassets; sourceTree = "<group>"; };
		FB73AFBF27E3CB800013B7E2 /* Base */ = {isa = PBXFileReference; lastKnownFileType = file.storyboard; name = Base; path = Base.lproj/LaunchScreen.storyboard; sourceTree = "<group>"; };
		FB73AFC127E3CB800013B7E2 /* Info.plist */ = {isa = PBXFileReference; lastKnownFileType = text.plist.xml; path = Info.plist; sourceTree = "<group>"; };
		FB73AFC727E3CD730013B7E2 /* CustomUIElementsAuth.swift */ = {isa = PBXFileReference; lastKnownFileType = sourcecode.swift; path = CustomUIElementsAuth.swift; sourceTree = "<group>"; };
		FB73AFC927E3CDBD0013B7E2 /* Strings.swift */ = {isa = PBXFileReference; lastKnownFileType = sourcecode.swift; path = Strings.swift; sourceTree = "<group>"; };
		FB73AFCB27E3CDF30013B7E2 /* UIImageExtension.swift */ = {isa = PBXFileReference; lastKnownFileType = sourcecode.swift; path = UIImageExtension.swift; sourceTree = "<group>"; };
		FB73AFCD27E3CE200013B7E2 /* StringExtension.swift */ = {isa = PBXFileReference; lastKnownFileType = sourcecode.swift; path = StringExtension.swift; sourceTree = "<group>"; };
		FB73AFCF27E3CE510013B7E2 /* UIColorsExtension.swift */ = {isa = PBXFileReference; lastKnownFileType = sourcecode.swift; path = UIColorsExtension.swift; sourceTree = "<group>"; };
		FB73AFD127E3CED10013B7E2 /* CustomNavigationController.swift */ = {isa = PBXFileReference; lastKnownFileType = sourcecode.swift; path = CustomNavigationController.swift; sourceTree = "<group>"; };
		FB73AFD327E3CF0F0013B7E2 /* Logger.swift */ = {isa = PBXFileReference; lastKnownFileType = sourcecode.swift; path = Logger.swift; sourceTree = "<group>"; };
		FB73AFD527E3CFA20013B7E2 /* Localizable.strings */ = {isa = PBXFileReference; lastKnownFileType = text.plist.strings; path = Localizable.strings; sourceTree = "<group>"; };
		FB73AFD727E3D8920013B7E2 /* RegistrationController.swift */ = {isa = PBXFileReference; lastKnownFileType = sourcecode.swift; path = RegistrationController.swift; sourceTree = "<group>"; };
		FB73AFD927E3ED3C0013B7E2 /* AuthService.swift */ = {isa = PBXFileReference; lastKnownFileType = sourcecode.swift; path = AuthService.swift; sourceTree = "<group>"; };
		FB73AFDB27E3ED7C0013B7E2 /* AuthResult.swift */ = {isa = PBXFileReference; lastKnownFileType = sourcecode.swift; path = AuthResult.swift; sourceTree = "<group>"; };
		FB73AFDD27E3EF840013B7E2 /* AuthError.swift */ = {isa = PBXFileReference; lastKnownFileType = sourcecode.swift; path = AuthError.swift; sourceTree = "<group>"; };
		FB73AFDF27E3F4210013B7E2 /* TwoFAController.swift */ = {isa = PBXFileReference; lastKnownFileType = sourcecode.swift; path = TwoFAController.swift; sourceTree = "<group>"; };
		FBACAF6027ED8CAA0048A95E /* MainController.swift */ = {isa = PBXFileReference; lastKnownFileType = sourcecode.swift; path = MainController.swift; sourceTree = "<group>"; };
/* End PBXFileReference section */

/* Begin PBXFrameworksBuildPhase section */
		FB73AFAD27E3CB7E0013B7E2 /* Frameworks */ = {
			isa = PBXFrameworksBuildPhase;
			buildActionMask = 2147483647;
			files = (
				2C151A0BD9E8B06C1AFF50F4 /* Pods_bank.framework in Frameworks */,
			);
			runOnlyForDeploymentPostprocessing = 0;
		};
/* End PBXFrameworksBuildPhase section */

/* Begin PBXGroup section */
		3CCB99FF28D7D32D0FC50D02 /* Pods */ = {
			isa = PBXGroup;
			children = (
				0D2EE9F3CB331C474E79D96B /* Pods-bank.debug.xcconfig */,
				751F9157BD2D47B17F3D29C3 /* Pods-bank.release.xcconfig */,
			);
			path = Pods;
			sourceTree = "<group>";
		};
		6B7E3699D7B45D41FA2E371C /* Frameworks */ = {
			isa = PBXGroup;
			children = (
				14ED513B8B2E577CAB08B966 /* Pods_bank.framework */,
			);
			name = Frameworks;
			sourceTree = "<group>";
		};
		FB73AFA727E3CB7E0013B7E2 = {
			isa = PBXGroup;
			children = (
				FB73AFB227E3CB7E0013B7E2 /* bank */,
				FB73AFB127E3CB7E0013B7E2 /* Products */,
				3CCB99FF28D7D32D0FC50D02 /* Pods */,
				6B7E3699D7B45D41FA2E371C /* Frameworks */,
			);
			sourceTree = "<group>";
		};
		FB73AFB127E3CB7E0013B7E2 /* Products */ = {
			isa = PBXGroup;
			children = (
				FB73AFB027E3CB7E0013B7E2 /* bank.app */,
			);
			name = Products;
			sourceTree = "<group>";
		};
		FB73AFB227E3CB7E0013B7E2 /* bank */ = {
			isa = PBXGroup;
			children = (
				FB73AFE527E42A410013B7E2 /* ViewControllers */,
				FB73AFE427E42A1C0013B7E2 /* Views */,
				FB73AFE327E429DD0013B7E2 /* AuthService */,
				FB73AFE227E4299D0013B7E2 /* Extensions */,
				FB73AFE127E4297B0013B7E2 /* Application */,
				FB73AFB927E3CB7E0013B7E2 /* Main.storyboard */,
				FB73AFBC27E3CB800013B7E2 /* Assets.xcassets */,
				FB73AFBE27E3CB800013B7E2 /* LaunchScreen.storyboard */,
				FB73AFC127E3CB800013B7E2 /* Info.plist */,
				FB73AFC927E3CDBD0013B7E2 /* Strings.swift */,
				FB73AFD527E3CFA20013B7E2 /* Localizable.strings */,
			);
			path = bank;
			sourceTree = "<group>";
		};
		FB73AFE127E4297B0013B7E2 /* Application */ = {
			isa = PBXGroup;
			children = (
				FB73AFB327E3CB7E0013B7E2 /* AppDelegate.swift */,
				FB73AFB527E3CB7E0013B7E2 /* SceneDelegate.swift */,
			);
			path = Application;
			sourceTree = "<group>";
		};
		FB73AFE227E4299D0013B7E2 /* Extensions */ = {
			isa = PBXGroup;
			children = (
				FB73AFD327E3CF0F0013B7E2 /* Logger.swift */,
				FB73AFCF27E3CE510013B7E2 /* UIColorsExtension.swift */,
				FB73AFCB27E3CDF30013B7E2 /* UIImageExtension.swift */,
				FB73AFCD27E3CE200013B7E2 /* StringExtension.swift */,
			);
			path = Extensions;
			sourceTree = "<group>";
		};
		FB73AFE327E429DD0013B7E2 /* AuthService */ = {
			isa = PBXGroup;
			children = (
				FB73AFD927E3ED3C0013B7E2 /* AuthService.swift */,
				FB73AFDD27E3EF840013B7E2 /* AuthError.swift */,
				FB73AFDB27E3ED7C0013B7E2 /* AuthResult.swift */,
			);
			path = AuthService;
			sourceTree = "<group>";
		};
		FB73AFE427E42A1C0013B7E2 /* Views */ = {
			isa = PBXGroup;
			children = (
				FB73AFD127E3CED10013B7E2 /* CustomNavigationController.swift */,
				FB73AFC727E3CD730013B7E2 /* CustomUIElementsAuth.swift */,
			);
			path = Views;
			sourceTree = "<group>";
		};
		FB73AFE527E42A410013B7E2 /* ViewControllers */ = {
			isa = PBXGroup;
			children = (
				FB73AFD727E3D8920013B7E2 /* RegistrationController.swift */,
				FB73AFB727E3CB7E0013B7E2 /* AuthenticationController.swift */,
				FB73AFDF27E3F4210013B7E2 /* TwoFAController.swift */,
				FBACAF6027ED8CAA0048A95E /* MainController.swift */,
			);
			path = ViewControllers;
			sourceTree = "<group>";
		};
/* End PBXGroup section */

/* Begin PBXNativeTarget section */
		FB73AFAF27E3CB7E0013B7E2 /* bank */ = {
			isa = PBXNativeTarget;
			buildConfigurationList = FB73AFC427E3CB800013B7E2 /* Build configuration list for PBXNativeTarget "bank" */;
			buildPhases = (
				7E25ECC5C50231EBB63B0E15 /* [CP] Check Pods Manifest.lock */,
				FB73AFAC27E3CB7E0013B7E2 /* Sources */,
				FB73AFAD27E3CB7E0013B7E2 /* Frameworks */,
				FB73AFAE27E3CB7E0013B7E2 /* Resources */,
				6E736D950A5F915A7F8173AE /* [CP] Embed Pods Frameworks */,
			);
			buildRules = (
			);
			dependencies = (
			);
			name = bank;
			productName = bank;
			productReference = FB73AFB027E3CB7E0013B7E2 /* bank.app */;
			productType = "com.apple.product-type.application";
		};
/* End PBXNativeTarget section */

/* Begin PBXProject section */
		FB73AFA827E3CB7E0013B7E2 /* Project object */ = {
			isa = PBXProject;
			attributes = {
				BuildIndependentTargetsInParallel = 1;
				LastSwiftUpdateCheck = 1330;
				LastUpgradeCheck = 1330;
				TargetAttributes = {
					FB73AFAF27E3CB7E0013B7E2 = {
						CreatedOnToolsVersion = 13.3;
					};
				};
			};
			buildConfigurationList = FB73AFAB27E3CB7E0013B7E2 /* Build configuration list for PBXProject "bank" */;
			compatibilityVersion = "Xcode 13.0";
			developmentRegion = en;
			hasScannedForEncodings = 0;
			knownRegions = (
				en,
				Base,
			);
			mainGroup = FB73AFA727E3CB7E0013B7E2;
			productRefGroup = FB73AFB127E3CB7E0013B7E2 /* Products */;
			projectDirPath = "";
			projectRoot = "";
			targets = (
				FB73AFAF27E3CB7E0013B7E2 /* bank */,
			);
		};
/* End PBXProject section */

/* Begin PBXResourcesBuildPhase section */
		FB73AFAE27E3CB7E0013B7E2 /* Resources */ = {
			isa = PBXResourcesBuildPhase;
			buildActionMask = 2147483647;
			files = (
				FB73AFC027E3CB800013B7E2 /* LaunchScreen.storyboard in Resources */,
				FB73AFD627E3CFA20013B7E2 /* Localizable.strings in Resources */,
				FB73AFBD27E3CB800013B7E2 /* Assets.xcassets in Resources */,
				FB73AFBB27E3CB7E0013B7E2 /* Main.storyboard in Resources */,
			);
			runOnlyForDeploymentPostprocessing = 0;
		};
/* End PBXResourcesBuildPhase section */

/* Begin PBXShellScriptBuildPhase section */
		6E736D950A5F915A7F8173AE /* [CP] Embed Pods Frameworks */ = {
			isa = PBXShellScriptBuildPhase;
			buildActionMask = 2147483647;
			files = (
			);
			inputFileListPaths = (
				"${PODS_ROOT}/Target Support Files/Pods-bank/Pods-bank-frameworks-${CONFIGURATION}-input-files.xcfilelist",
			);
			name = "[CP] Embed Pods Frameworks";
			outputFileListPaths = (
				"${PODS_ROOT}/Target Support Files/Pods-bank/Pods-bank-frameworks-${CONFIGURATION}-output-files.xcfilelist",
			);
			runOnlyForDeploymentPostprocessing = 0;
			shellPath = /bin/sh;
			shellScript = "\"${PODS_ROOT}/Target Support Files/Pods-bank/Pods-bank-frameworks.sh\"\n";
			showEnvVarsInLog = 0;
		};
		7E25ECC5C50231EBB63B0E15 /* [CP] Check Pods Manifest.lock */ = {
			isa = PBXShellScriptBuildPhase;
			buildActionMask = 2147483647;
			files = (
			);
			inputFileListPaths = (
			);
			inputPaths = (
				"${PODS_PODFILE_DIR_PATH}/Podfile.lock",
				"${PODS_ROOT}/Manifest.lock",
			);
			name = "[CP] Check Pods Manifest.lock";
			outputFileListPaths = (
			);
			outputPaths = (
				"$(DERIVED_FILE_DIR)/Pods-bank-checkManifestLockResult.txt",
			);
			runOnlyForDeploymentPostprocessing = 0;
			shellPath = /bin/sh;
			shellScript = "diff \"${PODS_PODFILE_DIR_PATH}/Podfile.lock\" \"${PODS_ROOT}/Manifest.lock\" > /dev/null\nif [ $? != 0 ] ; then\n    # print error to STDERR\n    echo \"error: The sandbox is not in sync with the Podfile.lock. Run 'pod install' or update your CocoaPods installation.\" >&2\n    exit 1\nfi\n# This output is used by Xcode 'outputs' to avoid re-running this script phase.\necho \"SUCCESS\" > \"${SCRIPT_OUTPUT_FILE_0}\"\n";
			showEnvVarsInLog = 0;
		};
/* End PBXShellScriptBuildPhase section */

/* Begin PBXSourcesBuildPhase section */
		FB73AFAC27E3CB7E0013B7E2 /* Sources */ = {
			isa = PBXSourcesBuildPhase;
			buildActionMask = 2147483647;
			files = (
				FB73AFB827E3CB7E0013B7E2 /* AuthenticationController.swift in Sources */,
				FB73AFCE27E3CE200013B7E2 /* StringExtension.swift in Sources */,
				FB73AFC827E3CD730013B7E2 /* CustomUIElementsAuth.swift in Sources */,
				FB73AFDA27E3ED3C0013B7E2 /* AuthService.swift in Sources */,
				FB73AFD227E3CED10013B7E2 /* CustomNavigationController.swift in Sources */,
				FB73AFDC27E3ED7C0013B7E2 /* AuthResult.swift in Sources */,
				FB73AFDE27E3EF840013B7E2 /* AuthError.swift in Sources */,
				FB73AFCA27E3CDBD0013B7E2 /* Strings.swift in Sources */,
				FBACAF6127ED8CAA0048A95E /* MainController.swift in Sources */,
				FB73AFD427E3CF0F0013B7E2 /* Logger.swift in Sources */,
				FB73AFD827E3D8920013B7E2 /* RegistrationController.swift in Sources */,
				FB73AFB427E3CB7E0013B7E2 /* AppDelegate.swift in Sources */,
				FB73AFB627E3CB7E0013B7E2 /* SceneDelegate.swift in Sources */,
				FB73AFCC27E3CDF30013B7E2 /* UIImageExtension.swift in Sources */,
				FB73AFD027E3CE510013B7E2 /* UIColorsExtension.swift in Sources */,
				FB73AFE027E3F4210013B7E2 /* TwoFAController.swift in Sources */,
			);
			runOnlyForDeploymentPostprocessing = 0;
		};
/* End PBXSourcesBuildPhase section */

/* Begin PBXVariantGroup section */
		FB73AFB927E3CB7E0013B7E2 /* Main.storyboard */ = {
			isa = PBXVariantGroup;
			children = (
				FB73AFBA27E3CB7E0013B7E2 /* Base */,
			);
			name = Main.storyboard;
			sourceTree = "<group>";
		};
		FB73AFBE27E3CB800013B7E2 /* LaunchScreen.storyboard */ = {
			isa = PBXVariantGroup;
			children = (
				FB73AFBF27E3CB800013B7E2 /* Base */,
			);
			name = LaunchScreen.storyboard;
			sourceTree = "<group>";
		};
/* End PBXVariantGroup section */

/* Begin XCBuildConfiguration section */
		FB73AFC227E3CB800013B7E2 /* Debug */ = {
			isa = XCBuildConfiguration;
			buildSettings = {
				ALWAYS_SEARCH_USER_PATHS = NO;
				CLANG_ANALYZER_NONNULL = YES;
				CLANG_ANALYZER_NUMBER_OBJECT_CONVERSION = YES_AGGRESSIVE;
				CLANG_CXX_LANGUAGE_STANDARD = "gnu++17";
				CLANG_ENABLE_MODULES = YES;
				CLANG_ENABLE_OBJC_ARC = YES;
				CLANG_ENABLE_OBJC_WEAK = YES;
				CLANG_WARN_BLOCK_CAPTURE_AUTORELEASING = YES;
				CLANG_WARN_BOOL_CONVERSION = YES;
				CLANG_WARN_COMMA = YES;
				CLANG_WARN_CONSTANT_CONVERSION = YES;
				CLANG_WARN_DEPRECATED_OBJC_IMPLEMENTATIONS = YES;
				CLANG_WARN_DIRECT_OBJC_ISA_USAGE = YES_ERROR;
				CLANG_WARN_DOCUMENTATION_COMMENTS = YES;
				CLANG_WARN_EMPTY_BODY = YES;
				CLANG_WARN_ENUM_CONVERSION = YES;
				CLANG_WARN_INFINITE_RECURSION = YES;
				CLANG_WARN_INT_CONVERSION = YES;
				CLANG_WARN_NON_LITERAL_NULL_CONVERSION = YES;
				CLANG_WARN_OBJC_IMPLICIT_RETAIN_SELF = YES;
				CLANG_WARN_OBJC_LITERAL_CONVERSION = YES;
				CLANG_WARN_OBJC_ROOT_CLASS = YES_ERROR;
				CLANG_WARN_QUOTED_INCLUDE_IN_FRAMEWORK_HEADER = YES;
				CLANG_WARN_RANGE_LOOP_ANALYSIS = YES;
				CLANG_WARN_STRICT_PROTOTYPES = YES;
				CLANG_WARN_SUSPICIOUS_MOVE = YES;
				CLANG_WARN_UNGUARDED_AVAILABILITY = YES_AGGRESSIVE;
				CLANG_WARN_UNREACHABLE_CODE = YES;
				CLANG_WARN__DUPLICATE_METHOD_MATCH = YES;
				COPY_PHASE_STRIP = NO;
				DEBUG_INFORMATION_FORMAT = dwarf;
				ENABLE_STRICT_OBJC_MSGSEND = YES;
				ENABLE_TESTABILITY = YES;
				GCC_C_LANGUAGE_STANDARD = gnu11;
				GCC_DYNAMIC_NO_PIC = NO;
				GCC_NO_COMMON_BLOCKS = YES;
				GCC_OPTIMIZATION_LEVEL = 0;
				GCC_PREPROCESSOR_DEFINITIONS = (
					"DEBUG=1",
					"$(inherited)",
				);
				GCC_WARN_64_TO_32_BIT_CONVERSION = YES;
				GCC_WARN_ABOUT_RETURN_TYPE = YES_ERROR;
				GCC_WARN_UNDECLARED_SELECTOR = YES;
				GCC_WARN_UNINITIALIZED_AUTOS = YES_AGGRESSIVE;
				GCC_WARN_UNUSED_FUNCTION = YES;
				GCC_WARN_UNUSED_VARIABLE = YES;
				IPHONEOS_DEPLOYMENT_TARGET = 15.4;
				MTL_ENABLE_DEBUG_INFO = INCLUDE_SOURCE;
				MTL_FAST_MATH = YES;
				ONLY_ACTIVE_ARCH = YES;
				SDKROOT = iphoneos;
				SWIFT_ACTIVE_COMPILATION_CONDITIONS = DEBUG;
				SWIFT_OPTIMIZATION_LEVEL = "-Onone";
			};
			name = Debug;
		};
		FB73AFC327E3CB800013B7E2 /* Release */ = {
			isa = XCBuildConfiguration;
			buildSettings = {
				ALWAYS_SEARCH_USER_PATHS = NO;
				CLANG_ANALYZER_NONNULL = YES;
				CLANG_ANALYZER_NUMBER_OBJECT_CONVERSION = YES_AGGRESSIVE;
				CLANG_CXX_LANGUAGE_STANDARD = "gnu++17";
				CLANG_ENABLE_MODULES = YES;
				CLANG_ENABLE_OBJC_ARC = YES;
				CLANG_ENABLE_OBJC_WEAK = YES;
				CLANG_WARN_BLOCK_CAPTURE_AUTORELEASING = YES;
				CLANG_WARN_BOOL_CONVERSION = YES;
				CLANG_WARN_COMMA = YES;
				CLANG_WARN_CONSTANT_CONVERSION = YES;
				CLANG_WARN_DEPRECATED_OBJC_IMPLEMENTATIONS = YES;
				CLANG_WARN_DIRECT_OBJC_ISA_USAGE = YES_ERROR;
				CLANG_WARN_DOCUMENTATION_COMMENTS = YES;
				CLANG_WARN_EMPTY_BODY = YES;
				CLANG_WARN_ENUM_CONVERSION = YES;
				CLANG_WARN_INFINITE_RECURSION = YES;
				CLANG_WARN_INT_CONVERSION = YES;
				CLANG_WARN_NON_LITERAL_NULL_CONVERSION = YES;
				CLANG_WARN_OBJC_IMPLICIT_RETAIN_SELF = YES;
				CLANG_WARN_OBJC_LITERAL_CONVERSION = YES;
				CLANG_WARN_OBJC_ROOT_CLASS = YES_ERROR;
				CLANG_WARN_QUOTED_INCLUDE_IN_FRAMEWORK_HEADER = YES;
				CLANG_WARN_RANGE_LOOP_ANALYSIS = YES;
				CLANG_WARN_STRICT_PROTOTYPES = YES;
				CLANG_WARN_SUSPICIOUS_MOVE = YES;
				CLANG_WARN_UNGUARDED_AVAILABILITY = YES_AGGRESSIVE;
				CLANG_WARN_UNREACHABLE_CODE = YES;
				CLANG_WARN__DUPLICATE_METHOD_MATCH = YES;
				COPY_PHASE_STRIP = NO;
				DEBUG_INFORMATION_FORMAT = "dwarf-with-dsym";
				ENABLE_NS_ASSERTIONS = NO;
				ENABLE_STRICT_OBJC_MSGSEND = YES;
				GCC_C_LANGUAGE_STANDARD = gnu11;
				GCC_NO_COMMON_BLOCKS = YES;
				GCC_WARN_64_TO_32_BIT_CONVERSION = YES;
				GCC_WARN_ABOUT_RETURN_TYPE = YES_ERROR;
				GCC_WARN_UNDECLARED_SELECTOR = YES;
				GCC_WARN_UNINITIALIZED_AUTOS = YES_AGGRESSIVE;
				GCC_WARN_UNUSED_FUNCTION = YES;
				GCC_WARN_UNUSED_VARIABLE = YES;
				IPHONEOS_DEPLOYMENT_TARGET = 15.4;
				MTL_ENABLE_DEBUG_INFO = NO;
				MTL_FAST_MATH = YES;
				SDKROOT = iphoneos;
				SWIFT_COMPILATION_MODE = wholemodule;
				SWIFT_OPTIMIZATION_LEVEL = "-O";
				VALIDATE_PRODUCT = YES;
			};
			name = Release;
		};
		FB73AFC527E3CB800013B7E2 /* Debug */ = {
			isa = XCBuildConfiguration;
			baseConfigurationReference = 0D2EE9F3CB331C474E79D96B /* Pods-bank.debug.xcconfig */;
			buildSettings = {
				ASSETCATALOG_COMPILER_APPICON_NAME = AppIcon;
				ASSETCATALOG_COMPILER_GLOBAL_ACCENT_COLOR_NAME = AccentColor;
				CODE_SIGN_IDENTITY = "Apple Development";
				CODE_SIGN_STYLE = Automatic;
				CURRENT_PROJECT_VERSION = 1;
				DEVELOPMENT_TEAM = Z33ZD2X6PY;
				GENERATE_INFOPLIST_FILE = YES;
				INFOPLIST_FILE = bank/Info.plist;
				INFOPLIST_KEY_CFBundleDisplayName = "IBKS Bank";
				INFOPLIST_KEY_UIApplicationSupportsIndirectInputEvents = YES;
				INFOPLIST_KEY_UILaunchStoryboardName = LaunchScreen;
				INFOPLIST_KEY_UIMainStoryboardFile = Main;
				INFOPLIST_KEY_UISupportedInterfaceOrientations_iPad = "UIInterfaceOrientationPortrait UIInterfaceOrientationPortraitUpsideDown UIInterfaceOrientationLandscapeLeft UIInterfaceOrientationLandscapeRight";
				INFOPLIST_KEY_UISupportedInterfaceOrientations_iPhone = "UIInterfaceOrientationPortrait UIInterfaceOrientationLandscapeLeft UIInterfaceOrientationLandscapeRight";
				LD_RUNPATH_SEARCH_PATHS = (
					"$(inherited)",
					"@executable_path/Frameworks",
				);
				MARKETING_VERSION = 1.0;
				PRODUCT_BUNDLE_IDENTIFIER = bip2022.bank;
				PRODUCT_NAME = "$(TARGET_NAME)";
				PROVISIONING_PROFILE_SPECIFIER = "";
				SWIFT_EMIT_LOC_STRINGS = YES;
				SWIFT_VERSION = 5.0;
				TARGETED_DEVICE_FAMILY = "1,2";
			};
			name = Debug;
		};
		FB73AFC627E3CB800013B7E2 /* Release */ = {
			isa = XCBuildConfiguration;
			baseConfigurationReference = 751F9157BD2D47B17F3D29C3 /* Pods-bank.release.xcconfig */;
			buildSettings = {
				ASSETCATALOG_COMPILER_APPICON_NAME = AppIcon;
				ASSETCATALOG_COMPILER_GLOBAL_ACCENT_COLOR_NAME = AccentColor;
				CODE_SIGN_IDENTITY = "Apple Development";
				CODE_SIGN_STYLE = Automatic;
				CURRENT_PROJECT_VERSION = 1;
				DEVELOPMENT_TEAM = Z33ZD2X6PY;
				GENERATE_INFOPLIST_FILE = YES;
				INFOPLIST_FILE = bank/Info.plist;
				INFOPLIST_KEY_CFBundleDisplayName = "IBKS Bank";
				INFOPLIST_KEY_UIApplicationSupportsIndirectInputEvents = YES;
				INFOPLIST_KEY_UILaunchStoryboardName = LaunchScreen;
				INFOPLIST_KEY_UIMainStoryboardFile = Main;
				INFOPLIST_KEY_UISupportedInterfaceOrientations_iPad = "UIInterfaceOrientationPortrait UIInterfaceOrientationPortraitUpsideDown UIInterfaceOrientationLandscapeLeft UIInterfaceOrientationLandscapeRight";
				INFOPLIST_KEY_UISupportedInterfaceOrientations_iPhone = "UIInterfaceOrientationPortrait UIInterfaceOrientationLandscapeLeft UIInterfaceOrientationLandscapeRight";
				LD_RUNPATH_SEARCH_PATHS = (
					"$(inherited)",
					"@executable_path/Frameworks",
				);
				MARKETING_VERSION = 1.0;
				PRODUCT_BUNDLE_IDENTIFIER = bip2022.bank;
				PRODUCT_NAME = "$(TARGET_NAME)";
				PROVISIONING_PROFILE_SPECIFIER = "";
				SWIFT_EMIT_LOC_STRINGS = YES;
				SWIFT_VERSION = 5.0;
				TARGETED_DEVICE_FAMILY = "1,2";
			};
			name = Release;
		};
/* End XCBuildConfiguration section */

/* Begin XCConfigurationList section */
		FB73AFAB27E3CB7E0013B7E2 /* Build configuration list for PBXProject "bank" */ = {
			isa = XCConfigurationList;
			buildConfigurations = (
				FB73AFC227E3CB800013B7E2 /* Debug */,
				FB73AFC327E3CB800013B7E2 /* Release */,
			);
			defaultConfigurationIsVisible = 0;
			defaultConfigurationName = Release;
		};
		FB73AFC427E3CB800013B7E2 /* Build configuration list for PBXNativeTarget "bank" */ = {
			isa = XCConfigurationList;
			buildConfigurations = (
				FB73AFC527E3CB800013B7E2 /* Debug */,
				FB73AFC627E3CB800013B7E2 /* Release */,
			);
			defaultConfigurationIsVisible = 0;
			defaultConfigurationName = Release;
		};
/* End XCConfigurationList section */
	};
	rootObject = FB73AFA827E3CB7E0013B7E2 /* Project object */;
}
